// !$*UTF8*$!
{
	archiveVersion = 1;
	classes = {
	};
	objectVersion = 46;
	objects = {

/* Begin PBXBuildFile section */
		698CD2661DF82EA500A1A5E9 /* AppDelegate.swift in Sources */ = {isa = PBXBuildFile; fileRef = 698CD2651DF82EA500A1A5E9 /* AppDelegate.swift */; };
		698CD2681DF82EA500A1A5E9 /* ViewController.swift in Sources */ = {isa = PBXBuildFile; fileRef = 698CD2671DF82EA500A1A5E9 /* ViewController.swift */; };
		698CD26B1DF82EA500A1A5E9 /* Main.storyboard in Resources */ = {isa = PBXBuildFile; fileRef = 698CD2691DF82EA500A1A5E9 /* Main.storyboard */; };
		698CD26D1DF82EA500A1A5E9 /* Assets.xcassets in Resources */ = {isa = PBXBuildFile; fileRef = 698CD26C1DF82EA500A1A5E9 /* Assets.xcassets */; };
		698CD2701DF82EA500A1A5E9 /* LaunchScreen.storyboard in Resources */ = {isa = PBXBuildFile; fileRef = 698CD26E1DF82EA500A1A5E9 /* LaunchScreen.storyboard */; };
/* End PBXBuildFile section */

/* Begin PBXFileReference section */
		698CD2621DF82EA500A1A5E9 /* VVRefresh.app */ = {isa = PBXFileReference; explicitFileType = wrapper.application; includeInIndex = 0; path = VVRefresh.app; sourceTree = BUILT_PRODUCTS_DIR; };
		698CD2651DF82EA500A1A5E9 /* AppDelegate.swift */ = {isa = PBXFileReference; lastKnownFileType = sourcecode.swift; path = AppDelegate.swift; sourceTree = "<group>"; };
		698CD2671DF82EA500A1A5E9 /* ViewController.swift */ = {isa = PBXFileReference; lastKnownFileType = sourcecode.swift; path = ViewController.swift; sourceTree = "<group>"; };
		698CD26A1DF82EA500A1A5E9 /* Base */ = {isa = PBXFileReference; lastKnownFileType = file.storyboard; name = Base; path = Base.lproj/Main.storyboard; sourceTree = "<group>"; };
		698CD26C1DF82EA500A1A5E9 /* Assets.xcassets */ = {isa = PBXFileReference; lastKnownFileType = folder.assetcatalog; path = Assets.xcassets; sourceTree = "<group>"; };
		698CD26F1DF82EA500A1A5E9 /* Base */ = {isa = PBXFileReference; lastKnownFileType = file.storyboard; name = Base; path = Base.lproj/LaunchScreen.storyboard; sourceTree = "<group>"; };
		698CD2711DF82EA500A1A5E9 /* Info.plist */ = {isa = PBXFileReference; lastKnownFileType = text.plist.xml; path = Info.plist; sourceTree = "<group>"; };
/* End PBXFileReference section */

/* Begin PBXFrameworksBuildPhase section */
		698CD25F1DF82EA500A1A5E9 /* Frameworks */ = {
			isa = PBXFrameworksBuildPhase;
			buildActionMask = 2147483647;
			files = (
			);
			runOnlyForDeploymentPostprocessing = 0;
		};
/* End PBXFrameworksBuildPhase section */

/* Begin PBXGroup section */
		698CD2591DF82EA500A1A5E9 = {
			isa = PBXGroup;
			children = (
				698CD2641DF82EA500A1A5E9 /* VVRefresh */,
				698CD2631DF82EA500A1A5E9 /* Products */,
			);
			sourceTree = "<group>";
		};
		698CD2631DF82EA500A1A5E9 /* Products */ = {
			isa = PBXGroup;
			children = (
				698CD2621DF82EA500A1A5E9 /* VVRefresh.app */,
			);
			name = Products;
			sourceTree = "<group>";
		};
		698CD2641DF82EA500A1A5E9 /* VVRefresh */ = {
			isa = PBXGroup;
			children = (
				698CD2651DF82EA500A1A5E9 /* AppDelegate.swift */,
				698CD2671DF82EA500A1A5E9 /* ViewController.swift */,
				698CD2691DF82EA500A1A5E9 /* Main.storyboard */,
				698CD26C1DF82EA500A1A5E9 /* Assets.xcassets */,
				698CD26E1DF82EA500A1A5E9 /* LaunchScreen.storyboard */,
				698CD2711DF82EA500A1A5E9 /* Info.plist */,
			);
			path = VVRefresh;
			sourceTree = "<group>";
		};
/* End PBXGroup section */

/* Begin PBXNativeTarget section */
		698CD2611DF82EA500A1A5E9 /* VVRefresh */ = {
			isa = PBXNativeTarget;
			buildConfigurationList = 698CD2741DF82EA500A1A5E9 /* Build configuration list for PBXNativeTarget "VVRefresh" */;
			buildPhases = (
				698CD25E1DF82EA500A1A5E9 /* Sources */,
				698CD25F1DF82EA500A1A5E9 /* Frameworks */,
				698CD2601DF82EA500A1A5E9 /* Resources */,
			);
			buildRules = (
			);
			dependencies = (
			);
			name = VVRefresh;
			productName = VVRefresh;
			productReference = 698CD2621DF82EA500A1A5E9 /* VVRefresh.app */;
			productType = "com.apple.product-type.application";
		};
/* End PBXNativeTarget section */

/* Begin PBXProject section */
		698CD25A1DF82EA500A1A5E9 /* Project object */ = {
			isa = PBXProject;
			attributes = {
				LastSwiftUpdateCheck = 0820;
				LastUpgradeCheck = 0820;
				ORGANIZATIONNAME = apple;
				TargetAttributes = {
					698CD2611DF82EA500A1A5E9 = {
						CreatedOnToolsVersion = 8.2;
						ProvisioningStyle = Automatic;
					};
				};
			};
			buildConfigurationList = 698CD25D1DF82EA500A1A5E9 /* Build configuration list for PBXProject "VVRefresh" */;
			compatibilityVersion = "Xcode 3.2";
			developmentRegion = English;
			hasScannedForEncodings = 0;
			knownRegions = (
				en,
				Base,
			);
			mainGroup = 698CD2591DF82EA500A1A5E9;
			productRefGroup = 698CD2631DF82EA500A1A5E9 /* Products */;
			projectDirPath = "";
			projectRoot = "";
			targets = (
				698CD2611DF82EA500A1A5E9 /* VVRefresh */,
			);
		};
/* End PBXProject section */

/* Begin PBXResourcesBuildPhase section */
		698CD2601DF82EA500A1A5E9 /* Resources */ = {
			isa = PBXResourcesBuildPhase;
			buildActionMask = 2147483647;
			files = (
				698CD2701DF82EA500A1A5E9 /* LaunchScreen.storyboard in Resources */,
				698CD26D1DF82EA500A1A5E9 /* Assets.xcassets in Resources */,
				698CD26B1DF82EA500A1A5E9 /* Main.storyboard in Resources */,
			);
			runOnlyForDeploymentPostprocessing = 0;
		};
/* End PBXResourcesBuildPhase section */

/* Begin PBXSourcesBuildPhase section */
		698CD25E1DF82EA500A1A5E9 /* Sources */ = {
			isa = PBXSourcesBuildPhase;
			buildActionMask = 2147483647;
			files = (
				698CD2681DF82EA500A1A5E9 /* ViewController.swift in Sources */,
				698CD2661DF82EA500A1A5E9 /* AppDelegate.swift in Sources */,
			);
			runOnlyForDeploymentPostprocessing = 0;
		};
/* End PBXSourcesBuildPhase section */

/* Begin PBXVariantGroup section */
		698CD2691DF82EA500A1A5E9 /* Main.storyboard */ = {
			isa = PBXVariantGroup;
			children = (
				698CD26A1DF82EA500A1A5E9 /* Base */,
			);
			name = Main.storyboard;
			sourceTree = "<group>";
		};
		698CD26E1DF82EA500A1A5E9 /* LaunchScreen.storyboard */ = {
			isa = PBXVariantGroup;
			children = (
				698CD26F1DF82EA500A1A5E9 /* Base */,
			);
			name = LaunchScreen.storyboard;
			sourceTree = "<group>";
		};
/* End PBXVariantGroup section */

/* Begin XCBuildConfiguration section */
		698CD2721DF82EA500A1A5E9 /* Debug */ = {
			isa = XCBuildConfiguration;
			buildSettings = {
				ALWAYS_SEARCH_USER_PATHS = NO;
				CLANG_ANALYZER_NONNULL = YES;
				CLANG_CXX_LANGUAGE_STANDARD = "gnu++0x";
				CLANG_CXX_LIBRARY = "libc++";
				CLANG_ENABLE_MODULES = YES;
				CLANG_ENABLE_OBJC_ARC = YES;
				CLANG_WARN_BOOL_CONVERSION = YES;
				CLANG_WARN_CONSTANT_CONVERSION = YES;
				CLANG_WARN_DIRECT_OBJC_ISA_USAGE = YES_ERROR;
				CLANG_WARN_DOCUMENTATION_COMMENTS = YES;
				CLANG_WARN_EMPTY_BODY = YES;
				CLANG_WARN_ENUM_CONVERSION = YES;
				CLANG_WARN_INFINITE_RECURSION = YES;
				CLANG_WARN_INT_CONVERSION = YES;
				CLANG_WARN_OBJC_ROOT_CLASS = YES_ERROR;
				CLANG_WARN_SUSPICIOUS_MOVE = YES;
				CLANG_WARN_UNREACHABLE_CODE = YES;
				CLANG_WARN__DUPLICATE_METHOD_MATCH = YES;
				"CODE_SIGN_IDENTITY[sdk=iphoneos*]" = "iPhone Developer";
				COPY_PHASE_STRIP = NO;
				DEBUG_INFORMATION_FORMAT = dwarf;
				ENABLE_STRICT_OBJC_MSGSEND = YES;
				ENABLE_TESTABILITY = YES;
				GCC_C_LANGUAGE_STANDARD = gnu99;
				GCC_DYNAMIC_NO_PIC = NO;
				GCC_NO_COMMON_BLOCKS = YES;
				GCC_OPTIMIZATION_LEVEL = 0;
				GCC_PREPROCESSOR_DEFINITIONS = (
					"DEBUG=1",
					"$(inherited)",
				);
				GCC_WARN_64_TO_32_BIT_CONVERSION = YES;
				GCC_WARN_ABOUT_RETURN_TYPE = YES_ERROR;
				GCC_WARN_UNDECLARED_SELECTOR = YES;
				GCC_WARN_UNINITIALIZED_AUTOS = YES_AGGRESSIVE;
				GCC_WARN_UNUSED_FUNCTION = YES;
				GCC_WARN_UNUSED_VARIABLE = YES;
				IPHONEOS_DEPLOYMENT_TARGET = 10.2;
				MTL_ENABLE_DEBUG_INFO = YES;
				ONLY_ACTIVE_ARCH = YES;
				SDKROOT = iphoneos;
				SWIFT_ACTIVE_COMPILATION_CONDITIONS = DEBUG;
				SWIFT_OPTIMIZATION_LEVEL = "-Onone";
			};
			name = Debug;
		};
		698CD2731DF82EA500A1A5E9 /* Release */ = {
			isa = XCBuildConfiguration;
			buildSettings = {
				ALWAYS_SEARCH_USER_PATHS = NO;
				CLANG_ANALYZER_NONNULL = YES;
				CLANG_CXX_LANGUAGE_STANDARD = "gnu++0x";
				CLANG_CXX_LIBRARY = "libc++";
				CLANG_ENABLE_MODULES = YES;
				CLANG_ENABLE_OBJC_ARC = YES;
				CLANG_WARN_BOOL_CONVERSION = YES;
				CLANG_WARN_CONSTANT_CONVERSION = YES;
				CLANG_WARN_DIRECT_OBJC_ISA_USAGE = YES_ERROR;
				CLANG_WARN_DOCUMENTATION_COMMENTS = YES;
				CLANG_WARN_EMPTY_BODY = YES;
				CLANG_WARN_ENUM_CONVERSION = YES;
				CLANG_WARN_INFINITE_RECURSION = YES;
				CLANG_WARN_INT_CONVERSION = YES;
				CLANG_WARN_OBJC_ROOT_CLASS = YES_ERROR;
				CLANG_WARN_SUSPICIOUS_MOVE = YES;
				CLANG_WARN_UNREACHABLE_CODE = YES;
				CLANG_WARN__DUPLICATE_METHOD_MATCH = YES;
				"CODE_SIGN_IDENTITY[sdk=iphoneos*]" = "iPhone Developer";
				COPY_PHASE_STRIP = NO;
				DEBUG_INFORMATION_FORMAT = "dwarf-with-dsym";
				ENABLE_NS_ASSERTIONS = NO;
				ENABLE_STRICT_OBJC_MSGSEND = YES;
				GCC_C_LANGUAGE_STANDARD = gnu99;
				GCC_NO_COMMON_BLOCKS = YES;
				GCC_WARN_64_TO_32_BIT_CONVERSION = YES;
				GCC_WARN_ABOUT_RETURN_TYPE = YES_ERROR;
				GCC_WARN_UNDECLARED_SELECTOR = YES;
				GCC_WARN_UNINITIALIZED_AUTOS = YES_AGGRESSIVE;
				GCC_WARN_UNUSED_FUNCTION = YES;
				GCC_WARN_UNUSED_VARIABLE = YES;
				IPHONEOS_DEPLOYMENT_TARGET = 10.2;
				MTL_ENABLE_DEBUG_INFO = NO;
				SDKROOT = iphoneos;
				SWIFT_OPTIMIZATION_LEVEL = "-Owholemodule";
				VALIDATE_PRODUCT = YES;
			};
			name = Release;
		};
		698CD2751DF82EA500A1A5E9 /* Debug */ = {
			isa = XCBuildConfiguration;
			buildSettings = {
				ASSETCATALOG_COMPILER_APPICON_NAME = AppIcon;
				INFOPLIST_FILE = VVRefresh/Info.plist;
				LD_RUNPATH_SEARCH_PATHS = "$(inherited) @executable_path/Frameworks";
				PRODUCT_BUNDLE_IDENTIFIER = io.yin.VVRefresh;
				PRODUCT_NAME = "$(TARGET_NAME)";
				SWIFT_VERSION = 3.0;
			};
			name = Debug;
		};
		698CD2761DF82EA500A1A5E9 /* Release */ = {
			isa = XCBuildConfiguration;
			buildSettings = {
				ASSETCATALOG_COMPILER_APPICON_NAME = AppIcon;
				INFOPLIST_FILE = VVRefresh/Info.plist;
				LD_RUNPATH_SEARCH_PATHS = "$(inherited) @executable_path/Frameworks";
				PRODUCT_BUNDLE_IDENTIFIER = io.yin.VVRefresh;
				PRODUCT_NAME = "$(TARGET_NAME)";
				SWIFT_VERSION = 3.0;
			};
			name = Release;
		};
/* End XCBuildConfiguration section */

/* Begin XCConfigurationList section */
		698CD25D1DF82EA500A1A5E9 /* Build configuration list for PBXProject "VVRefresh" */ = {
			isa = XCConfigurationList;
			buildConfigurations = (
				698CD2721DF82EA500A1A5E9 /* Debug */,
				698CD2731DF82EA500A1A5E9 /* Release */,
			);
			defaultConfigurationIsVisible = 0;
			defaultConfigurationName = Release;
		};
		698CD2741DF82EA500A1A5E9 /* Build configuration list for PBXNativeTarget "VVRefresh" */ = {
			isa = XCConfigurationList;
			buildConfigurations = (
				698CD2751DF82EA500A1A5E9 /* Debug */,
				698CD2761DF82EA500A1A5E9 /* Release */,
			);
			defaultConfigurationIsVisible = 0;
		};
/* End XCConfigurationList section */
	};
	rootObject = 698CD25A1DF82EA500A1A5E9 /* Project object */;
}
